
Microsoft Visual Studio Solution File, Format Version 12.00
# Visual Studio Version 17
VisualStudioVersion = 17.3.32819.101
MinimumVisualStudioVersion = 10.0.40219.1
Project("{9A19103F-16F7-4668-BE54-9A1E7A4F7556}") = "CARS", "CARS.csproj", "{BA1985AF-6FD6-45E6-9731-3D1AD4526CF0}"
EndProject
Global
	GlobalSection(SolutionConfigurationPlatforms) = preSolution
		Debug|Any CPU = Debug|Any CPU
		Release|Any CPU = Release|Any CPU
	EndGlobalSection
	GlobalSection(ProjectConfigurationPlatforms) = postSolution
		{BA1985AF-6FD6-45E6-9731-3D1AD4526CF0}.Debug|Any CPU.ActiveCfg = Debug|Any CPU
		{BA1985AF-6FD6-45E6-9731-3D1AD4526CF0}.Debug|Any CPU.Build.0 = Debug|Any CPU
		{BA1985AF-6FD6-45E6-9731-3D1AD4526CF0}.Release|Any CPU.ActiveCfg = Release|Any CPU
		{BA1985AF-6FD6-45E6-9731-3D1AD4526CF0}.Release|Any CPU.Build.0 = Release|Any CPU
	EndGlobalSection
	GlobalSection(SolutionProperties) = preSolution
		HideSolutionNode = FALSE
	EndGlobalSection
	GlobalSection(ExtensibilityGlobals) = postSolution
		SolutionGuid = {22673BB8-2C75-4CEE-BD46-03DADEA817F8}
	EndGlobalSection
EndGlobal
